
Microsoft Visual Studio Solution File, Format Version 12.00
# Visual Studio 15
VisualStudioVersion = 15.0.27130.2036
MinimumVisualStudioVersion = 10.0.40219.1
Project("{FAE04EC0-301F-11D3-BF4B-00C04F79EFBC}") = "JobHelper", "src\JobHelper\JobHelper.csproj", "{3D91DC17-2D64-4B3E-9EFD-A39B19B15EA3}"
EndProject
Project("{FAE04EC0-301F-11D3-BF4B-00C04F79EFBC}") = "JobHelperSample", "samples\JobHelperSample\JobHelperSample.csproj", "{900E4480-EF48-4BEA-9E3C-0F3DB77EE745}"
EndProject
Project("{2150E333-8FDC-42A3-9474-1A3956D46DE8}") = "01 - src", "01 - src", "{AE62683A-5438-44E4-AA64-49CEBDEEF6E2}"
EndProject
Project("{2150E333-8FDC-42A3-9474-1A3956D46DE8}") = "02 - samples", "02 - samples", "{41799CBD-DFB2-43EB-9EE4-04AB7D7A0777}"
EndProject
Global
	GlobalSection(SolutionConfigurationPlatforms) = preSolution
		Debug|Any CPU = Debug|Any CPU
		Release|Any CPU = Release|Any CPU
	EndGlobalSection
	GlobalSection(ProjectConfigurationPlatforms) = postSolution
		{3D91DC17-2D64-4B3E-9EFD-A39B19B15EA3}.Debug|Any CPU.ActiveCfg = Debug|Any CPU
		{3D91DC17-2D64-4B3E-9EFD-A39B19B15EA3}.Debug|Any CPU.Build.0 = Debug|Any CPU
		{3D91DC17-2D64-4B3E-9EFD-A39B19B15EA3}.Release|Any CPU.ActiveCfg = Release|Any CPU
		{3D91DC17-2D64-4B3E-9EFD-A39B19B15EA3}.Release|Any CPU.Build.0 = Release|Any CPU
		{900E4480-EF48-4BEA-9E3C-0F3DB77EE745}.Debug|Any CPU.ActiveCfg = Debug|Any CPU
		{900E4480-EF48-4BEA-9E3C-0F3DB77EE745}.Debug|Any CPU.Build.0 = Debug|Any CPU
		{900E4480-EF48-4BEA-9E3C-0F3DB77EE745}.Release|Any CPU.ActiveCfg = Release|Any CPU
		{900E4480-EF48-4BEA-9E3C-0F3DB77EE745}.Release|Any CPU.Build.0 = Release|Any CPU
	EndGlobalSection
	GlobalSection(SolutionProperties) = preSolution
		HideSolutionNode = FALSE
	EndGlobalSection
	GlobalSection(NestedProjects) = preSolution
		{3D91DC17-2D64-4B3E-9EFD-A39B19B15EA3} = {AE62683A-5438-44E4-AA64-49CEBDEEF6E2}
		{900E4480-EF48-4BEA-9E3C-0F3DB77EE745} = {41799CBD-DFB2-43EB-9EE4-04AB7D7A0777}
	EndGlobalSection
	GlobalSection(ExtensibilityGlobals) = postSolution
		SolutionGuid = {8179CE4D-1BDD-4B43-A90B-53E32B333944}
	EndGlobalSection
EndGlobal
